
Microsoft Visual Studio Solution File, Format Version 12.00
# Visual Studio Version 16
VisualStudioVersion = 16.0.30907.101
MinimumVisualStudioVersion = 10.0.40219.1
Project("{2150E333-8FDC-42A3-9474-1A3956D46DE8}") = "contracts", "contracts", "{11BAFE34-1E84-491A-B0D5-501230A61ABE}"
	ProjectSection(SolutionItems) = preProject
		contracts\KingdomOfZamundaPassportDisplay.json = contracts\KingdomOfZamundaPassportDisplay.json
		contracts\KingdomOfZamundaPassportRules.json = contracts\KingdomOfZamundaPassportRules.json
		contracts\KingdomOfZamundaVaccinationCertificateDisplay.json = contracts\KingdomOfZamundaVaccinationCertificateDisplay.json
		contracts\KingdomOfZamundaVaccinationCertificateRules.json = contracts\KingdomOfZamundaVaccinationCertificateRules.json
		contracts\KingdomOfZamundaVaxPassDisplay.json = contracts\KingdomOfZamundaVaxPassDisplay.json
		contracts\KingdomOfZamundaVaxPassRules.json = contracts\KingdomOfZamundaVaxPassRules.json
	EndProjectSection
EndProject
Project("{2150E333-8FDC-42A3-9474-1A3956D46DE8}") = "src", "src", "{C2AD67B4-109A-432A-9F3C-8A07A6B91DC9}"
EndProject
Project("{9A19103F-16F7-4668-BE54-9A1E7A4F7556}") = "PassportIssuerWebApplication", "src\PassportIssuerWebApplication\PassportIssuerWebApplication.csproj", "{418C4687-0CE3-4B35-914A-E62D47B40A7E}"
EndProject
Project("{9A19103F-16F7-4668-BE54-9A1E7A4F7556}") = "Shared", "src\Shared\Shared.csproj", "{8A870C29-065D-4F53-8853-EE4DC379692B}"
EndProject
Project("{9A19103F-16F7-4668-BE54-9A1E7A4F7556}") = "VaccinationCertificateIssuerWebApplication", "src\VaccinationCertificateIssuerWebApplication\VaccinationCertificateIssuerWebApplication.csproj", "{D88ED36D-668C-4D94-A11D-4EBDB24348F1}"
EndProject
Project("{9A19103F-16F7-4668-BE54-9A1E7A4F7556}") = "VaxPassIssuerWebApplication", "src\VaxPassIssuerWebApplication\VaxPassIssuerWebApplication.csproj", "{3F55C843-EC62-4407-9D1A-FC5A14A8D3BA}"
EndProject
Global
	GlobalSection(SolutionConfigurationPlatforms) = preSolution
		Debug|Any CPU = Debug|Any CPU
		Release|Any CPU = Release|Any CPU
	EndGlobalSection
	GlobalSection(ProjectConfigurationPlatforms) = postSolution
		{418C4687-0CE3-4B35-914A-E62D47B40A7E}.Debug|Any CPU.ActiveCfg = Debug|Any CPU
		{418C4687-0CE3-4B35-914A-E62D47B40A7E}.Debug|Any CPU.Build.0 = Debug|Any CPU
		{418C4687-0CE3-4B35-914A-E62D47B40A7E}.Release|Any CPU.ActiveCfg = Release|Any CPU
		{418C4687-0CE3-4B35-914A-E62D47B40A7E}.Release|Any CPU.Build.0 = Release|Any CPU
		{8A870C29-065D-4F53-8853-EE4DC379692B}.Debug|Any CPU.ActiveCfg = Debug|Any CPU
		{8A870C29-065D-4F53-8853-EE4DC379692B}.Debug|Any CPU.Build.0 = Debug|Any CPU
		{8A870C29-065D-4F53-8853-EE4DC379692B}.Release|Any CPU.ActiveCfg = Release|Any CPU
		{8A870C29-065D-4F53-8853-EE4DC379692B}.Release|Any CPU.Build.0 = Release|Any CPU
		{D88ED36D-668C-4D94-A11D-4EBDB24348F1}.Debug|Any CPU.ActiveCfg = Debug|Any CPU
		{D88ED36D-668C-4D94-A11D-4EBDB24348F1}.Debug|Any CPU.Build.0 = Debug|Any CPU
		{D88ED36D-668C-4D94-A11D-4EBDB24348F1}.Release|Any CPU.ActiveCfg = Release|Any CPU
		{D88ED36D-668C-4D94-A11D-4EBDB24348F1}.Release|Any CPU.Build.0 = Release|Any CPU
		{3F55C843-EC62-4407-9D1A-FC5A14A8D3BA}.Debug|Any CPU.ActiveCfg = Debug|Any CPU
		{3F55C843-EC62-4407-9D1A-FC5A14A8D3BA}.Debug|Any CPU.Build.0 = Debug|Any CPU
		{3F55C843-EC62-4407-9D1A-FC5A14A8D3BA}.Release|Any CPU.ActiveCfg = Release|Any CPU
		{3F55C843-EC62-4407-9D1A-FC5A14A8D3BA}.Release|Any CPU.Build.0 = Release|Any CPU
	EndGlobalSection
	GlobalSection(SolutionProperties) = preSolution
		HideSolutionNode = FALSE
	EndGlobalSection
	GlobalSection(NestedProjects) = preSolution
		{418C4687-0CE3-4B35-914A-E62D47B40A7E} = {C2AD67B4-109A-432A-9F3C-8A07A6B91DC9}
		{8A870C29-065D-4F53-8853-EE4DC379692B} = {C2AD67B4-109A-432A-9F3C-8A07A6B91DC9}
		{D88ED36D-668C-4D94-A11D-4EBDB24348F1} = {C2AD67B4-109A-432A-9F3C-8A07A6B91DC9}
		{3F55C843-EC62-4407-9D1A-FC5A14A8D3BA} = {C2AD67B4-109A-432A-9F3C-8A07A6B91DC9}
	EndGlobalSection
	GlobalSection(ExtensibilityGlobals) = postSolution
		SolutionGuid = {0E35C36C-2328-4148-83B1-AC367FE176FB}
	EndGlobalSection
EndGlobal
